PODS:
  - Alamofire (4.8.0)
  - SDWebImage (4.4.3):
    - SDWebImage/Core (= 4.4.3)
  - SDWebImage/Core (4.4.3)
  - Siesta/Alamofire (1.4.2):
    - Alamofire (> 4.1)
    - Siesta/Core
  - Siesta/Core (1.4.2)
  - Siesta/UI (1.4.2):
    - Siesta/Core

DEPENDENCIES:
  - SDWebImage (~> 4.0)
  - Siesta/Alamofire (~> 1.0)
  - Siesta/UI (~> 1.0)

SPEC REPOS:
  https://github.com/cocoapods/specs.git:
    - Alamofire
    - SDWebImage
    - Siesta

SPEC CHECKSUMS:
  Alamofire: 3ec537f71edc9804815215393ae2b1a8ea33a844
  SDWebImage: c5594f1a19c48d526d321e548902b56b479cd508
  Siesta: 337a9c39c9b78bba904286310c86562a886efdab

PODFILE CHECKSUM: 6ff3005b0d0c3d1248e23bb08c5ee447a614d9a4

COCOAPODS: 1.6.0.rc.2
